
Microsoft Visual Studio Solution File, Format Version 12.00
# Visual Studio 2013
VisualStudioVersion = 12.0.30723.0
MinimumVisualStudioVersion = 10.0.40219.1
Project("{8BC9CEB8-8B4A-11D0-8D11-00A0C91BC942}") = "selectFace", "selectFace\selectFace.vcxproj", "{79364A9D-71FB-49D9-9016-DA2243B19844}"
EndProject
Global
	GlobalSection(SolutionConfigurationPlatforms) = preSolution
		Debug|Win32 = Debug|Win32
		Release|Win32 = Release|Win32
	EndGlobalSection
	GlobalSection(ProjectConfigurationPlatforms) = postSolution
		{79364A9D-71FB-49D9-9016-DA2243B19844}.Debug|Win32.ActiveCfg = Debug|Win32
		{79364A9D-71FB-49D9-9016-DA2243B19844}.Debug|Win32.Build.0 = Debug|Win32
		{79364A9D-71FB-49D9-9016-DA2243B19844}.Release|Win32.ActiveCfg = Release|Win32
		{79364A9D-71FB-49D9-9016-DA2243B19844}.Release|Win32.Build.0 = Release|Win32
	EndGlobalSection
	GlobalSection(SolutionProperties) = preSolution
		HideSolutionNode = FALSE
	EndGlobalSection
EndGlobal
